// !$*UTF8*$!
{
	archiveVersion = 1;
	classes = {
	};
	objectVersion = 51;
	objects = {

/* Begin PBXBuildFile section */
		5B8A5D942379C8A100D91E2D /* MainViewModel.swift in Sources */ = {isa = PBXBuildFile; fileRef = 5B8A5D932379C8A100D91E2D /* MainViewModel.swift */; };
		5B8A5D962379C94800D91E2D /* ExpensesTableViewController.swift in Sources */ = {isa = PBXBuildFile; fileRef = 5B8A5D952379C94800D91E2D /* ExpensesTableViewController.swift */; };
		5B8A5D982379C95B00D91E2D /* ExpensesTableViewModel.swift in Sources */ = {isa = PBXBuildFile; fileRef = 5B8A5D972379C95B00D91E2D /* ExpensesTableViewModel.swift */; };
		5B8A5D9A2379CB0A00D91E2D /* UIViewController+Extension.swift in Sources */ = {isa = PBXBuildFile; fileRef = 5B8A5D992379CB0A00D91E2D /* UIViewController+Extension.swift */; };
		5B8A5D9D2379CEF500D91E2D /* UIView+Extension.swift in Sources */ = {isa = PBXBuildFile; fileRef = 5B8A5D9C2379CEF500D91E2D /* UIView+Extension.swift */; };
		5B8A5DA02379D0C500D91E2D /* ExpenseManger.swift in Sources */ = {isa = PBXBuildFile; fileRef = 5B8A5D9F2379D0C500D91E2D /* ExpenseManger.swift */; };
		5B8A5DA32379ECB600D91E2D /* ExpenseTableViewCell.swift in Sources */ = {isa = PBXBuildFile; fileRef = 5B8A5DA12379ECB600D91E2D /* ExpenseTableViewCell.swift */; };
		5B8A5DA42379ECB600D91E2D /* ExpenseTableViewCell.xib in Resources */ = {isa = PBXBuildFile; fileRef = 5B8A5DA22379ECB600D91E2D /* ExpenseTableViewCell.xib */; };
		5B8A5DA72379F2C600D91E2D /* CardStyle.swift in Sources */ = {isa = PBXBuildFile; fileRef = 5B8A5DA62379F2C600D91E2D /* CardStyle.swift */; };
		5B8A5DA92379F3E500D91E2D /* DateFormat.swift in Sources */ = {isa = PBXBuildFile; fileRef = 5B8A5DA82379F3E500D91E2D /* DateFormat.swift */; };
		5B8A5DAB2379FDF700D91E2D /* UIColor+Extension.swift in Sources */ = {isa = PBXBuildFile; fileRef = 5B8A5DAA2379FDF700D91E2D /* UIColor+Extension.swift */; };
		5B8A5DAD237ACDD800D91E2D /* ExpenseDetailViewController.swift in Sources */ = {isa = PBXBuildFile; fileRef = 5B8A5DAC237ACDD800D91E2D /* ExpenseDetailViewController.swift */; };
		5B8A5DAF237ACDE300D91E2D /* ExpenseDetailViewModel.swift in Sources */ = {isa = PBXBuildFile; fileRef = 5B8A5DAE237ACDE300D91E2D /* ExpenseDetailViewModel.swift */; };
		5B8A5DB2237AE42300D91E2D /* ExpenseCardViewController.swift in Sources */ = {isa = PBXBuildFile; fileRef = 5B8A5DB1237AE42300D91E2D /* ExpenseCardViewController.swift */; };
		5B8A5DB4237AE46700D91E2D /* ExpenseCardViewModel.swift in Sources */ = {isa = PBXBuildFile; fileRef = 5B8A5DB3237AE46700D91E2D /* ExpenseCardViewModel.swift */; };
		5B8A5DB6237AE64F00D91E2D /* Font.swift in Sources */ = {isa = PBXBuildFile; fileRef = 5B8A5DB5237AE64F00D91E2D /* Font.swift */; };
		5B8A5DB8237AE7EE00D91E2D /* UILabel+Extension.swift in Sources */ = {isa = PBXBuildFile; fileRef = 5B8A5DB7237AE7EE00D91E2D /* UILabel+Extension.swift */; };
		5B8A5DBA237AEFC500D91E2D /* UIStackView+Extension.swift in Sources */ = {isa = PBXBuildFile; fileRef = 5B8A5DB9237AEFC500D91E2D /* UIStackView+Extension.swift */; };
		5BA89E6B237987B7001DEAD1 /* AppDelegate.swift in Sources */ = {isa = PBXBuildFile; fileRef = 5BA89E6A237987B7001DEAD1 /* AppDelegate.swift */; };
		5BA89E6F237987B7001DEAD1 /* ViewController.swift in Sources */ = {isa = PBXBuildFile; fileRef = 5BA89E6E237987B7001DEAD1 /* ViewController.swift */; };
		5BA89E74237987BA001DEAD1 /* Assets.xcassets in Resources */ = {isa = PBXBuildFile; fileRef = 5BA89E73237987BA001DEAD1 /* Assets.xcassets */; };
		5BA89E77237987BA001DEAD1 /* LaunchScreen.storyboard in Resources */ = {isa = PBXBuildFile; fileRef = 5BA89E75237987BA001DEAD1 /* LaunchScreen.storyboard */; };
		5BA89E7F2379A26A001DEAD1 /* Networking.swift in Sources */ = {isa = PBXBuildFile; fileRef = 5BA89E7E2379A26A001DEAD1 /* Networking.swift */; };
		5BAB4C1E2379A635007DC315 /* Expense.swift in Sources */ = {isa = PBXBuildFile; fileRef = 5BAB4C1D2379A635007DC315 /* Expense.swift */; };
		5BAB4C212379B62B007DC315 /* User.swift in Sources */ = {isa = PBXBuildFile; fileRef = 5BAB4C202379B62B007DC315 /* User.swift */; };
		5BAB4C232379B636007DC315 /* Receipt.swift in Sources */ = {isa = PBXBuildFile; fileRef = 5BAB4C222379B636007DC315 /* Receipt.swift */; };
		5BAB4C252379B646007DC315 /* Amount.swift in Sources */ = {isa = PBXBuildFile; fileRef = 5BAB4C242379B646007DC315 /* Amount.swift */; };
		C17F05A95055E5E1BEEAB17A /* Pods_pleo_challenge.framework in Frameworks */ = {isa = PBXBuildFile; fileRef = BDDA4C1F890ABA70D353CCFB /* Pods_pleo_challenge.framework */; };
/* End PBXBuildFile section */

/* Begin PBXFileReference section */
		5B8A5D932379C8A100D91E2D /* MainViewModel.swift */ = {isa = PBXFileReference; lastKnownFileType = sourcecode.swift; path = MainViewModel.swift; sourceTree = "<group>"; };
		5B8A5D952379C94800D91E2D /* ExpensesTableViewController.swift */ = {isa = PBXFileReference; lastKnownFileType = sourcecode.swift; path = ExpensesTableViewController.swift; sourceTree = "<group>"; };
		5B8A5D972379C95B00D91E2D /* ExpensesTableViewModel.swift */ = {isa = PBXFileReference; lastKnownFileType = sourcecode.swift; path = ExpensesTableViewModel.swift; sourceTree = "<group>"; };
		5B8A5D992379CB0A00D91E2D /* UIViewController+Extension.swift */ = {isa = PBXFileReference; lastKnownFileType = sourcecode.swift; path = "UIViewController+Extension.swift"; sourceTree = "<group>"; };
		5B8A5D9C2379CEF500D91E2D /* UIView+Extension.swift */ = {isa = PBXFileReference; lastKnownFileType = sourcecode.swift; path = "UIView+Extension.swift"; sourceTree = "<group>"; };
		5B8A5D9F2379D0C500D91E2D /* ExpenseManger.swift */ = {isa = PBXFileReference; lastKnownFileType = sourcecode.swift; path = ExpenseManger.swift; sourceTree = "<group>"; };
		5B8A5DA12379ECB600D91E2D /* ExpenseTableViewCell.swift */ = {isa = PBXFileReference; lastKnownFileType = sourcecode.swift; path = ExpenseTableViewCell.swift; sourceTree = "<group>"; };
		5B8A5DA22379ECB600D91E2D /* ExpenseTableViewCell.xib */ = {isa = PBXFileReference; lastKnownFileType = file.xib; path = ExpenseTableViewCell.xib; sourceTree = "<group>"; };
		5B8A5DA62379F2C600D91E2D /* CardStyle.swift */ = {isa = PBXFileReference; lastKnownFileType = sourcecode.swift; path = CardStyle.swift; sourceTree = "<group>"; };
		5B8A5DA82379F3E500D91E2D /* DateFormat.swift */ = {isa = PBXFileReference; lastKnownFileType = sourcecode.swift; path = DateFormat.swift; sourceTree = "<group>"; };
		5B8A5DAA2379FDF700D91E2D /* UIColor+Extension.swift */ = {isa = PBXFileReference; lastKnownFileType = sourcecode.swift; path = "UIColor+Extension.swift"; sourceTree = "<group>"; };
		5B8A5DAC237ACDD800D91E2D /* ExpenseDetailViewController.swift */ = {isa = PBXFileReference; lastKnownFileType = sourcecode.swift; path = ExpenseDetailViewController.swift; sourceTree = "<group>"; };
		5B8A5DAE237ACDE300D91E2D /* ExpenseDetailViewModel.swift */ = {isa = PBXFileReference; lastKnownFileType = sourcecode.swift; path = ExpenseDetailViewModel.swift; sourceTree = "<group>"; };
		5B8A5DB1237AE42300D91E2D /* ExpenseCardViewController.swift */ = {isa = PBXFileReference; lastKnownFileType = sourcecode.swift; path = ExpenseCardViewController.swift; sourceTree = "<group>"; };
		5B8A5DB3237AE46700D91E2D /* ExpenseCardViewModel.swift */ = {isa = PBXFileReference; lastKnownFileType = sourcecode.swift; path = ExpenseCardViewModel.swift; sourceTree = "<group>"; };
		5B8A5DB5237AE64F00D91E2D /* Font.swift */ = {isa = PBXFileReference; lastKnownFileType = sourcecode.swift; path = Font.swift; sourceTree = "<group>"; };
		5B8A5DB7237AE7EE00D91E2D /* UILabel+Extension.swift */ = {isa = PBXFileReference; lastKnownFileType = sourcecode.swift; path = "UILabel+Extension.swift"; sourceTree = "<group>"; };
		5B8A5DB9237AEFC500D91E2D /* UIStackView+Extension.swift */ = {isa = PBXFileReference; lastKnownFileType = sourcecode.swift; path = "UIStackView+Extension.swift"; sourceTree = "<group>"; };
		5BA89E67237987B7001DEAD1 /* pleo_challenge.app */ = {isa = PBXFileReference; explicitFileType = wrapper.application; includeInIndex = 0; path = pleo_challenge.app; sourceTree = BUILT_PRODUCTS_DIR; };
		5BA89E6A237987B7001DEAD1 /* AppDelegate.swift */ = {isa = PBXFileReference; lastKnownFileType = sourcecode.swift; path = AppDelegate.swift; sourceTree = "<group>"; };
		5BA89E6E237987B7001DEAD1 /* ViewController.swift */ = {isa = PBXFileReference; lastKnownFileType = sourcecode.swift; path = ViewController.swift; sourceTree = "<group>"; };
		5BA89E73237987BA001DEAD1 /* Assets.xcassets */ = {isa = PBXFileReference; lastKnownFileType = folder.assetcatalog; path = Assets.xcassets; sourceTree = "<group>"; };
		5BA89E76237987BA001DEAD1 /* Base */ = {isa = PBXFileReference; lastKnownFileType = file.storyboard; name = Base; path = Base.lproj/LaunchScreen.storyboard; sourceTree = "<group>"; };
		5BA89E78237987BA001DEAD1 /* Info.plist */ = {isa = PBXFileReference; lastKnownFileType = text.plist.xml; path = Info.plist; sourceTree = "<group>"; };
		5BA89E7E2379A26A001DEAD1 /* Networking.swift */ = {isa = PBXFileReference; lastKnownFileType = sourcecode.swift; path = Networking.swift; sourceTree = "<group>"; };
		5BAB4C1D2379A635007DC315 /* Expense.swift */ = {isa = PBXFileReference; lastKnownFileType = sourcecode.swift; path = Expense.swift; sourceTree = "<group>"; };
		5BAB4C202379B62B007DC315 /* User.swift */ = {isa = PBXFileReference; lastKnownFileType = sourcecode.swift; path = User.swift; sourceTree = "<group>"; };
		5BAB4C222379B636007DC315 /* Receipt.swift */ = {isa = PBXFileReference; lastKnownFileType = sourcecode.swift; path = Receipt.swift; sourceTree = "<group>"; };
		5BAB4C242379B646007DC315 /* Amount.swift */ = {isa = PBXFileReference; lastKnownFileType = sourcecode.swift; path = Amount.swift; sourceTree = "<group>"; };
		6965FB456AA2039396A12F96 /* Pods-pleo_challenge.debug.xcconfig */ = {isa = PBXFileReference; includeInIndex = 1; lastKnownFileType = text.xcconfig; name = "Pods-pleo_challenge.debug.xcconfig"; path = "Target Support Files/Pods-pleo_challenge/Pods-pleo_challenge.debug.xcconfig"; sourceTree = "<group>"; };
		89EC7CFA2E2ABAE75DCDA2AD /* Pods-pleo_challenge.release.xcconfig */ = {isa = PBXFileReference; includeInIndex = 1; lastKnownFileType = text.xcconfig; name = "Pods-pleo_challenge.release.xcconfig"; path = "Target Support Files/Pods-pleo_challenge/Pods-pleo_challenge.release.xcconfig"; sourceTree = "<group>"; };
		BDDA4C1F890ABA70D353CCFB /* Pods_pleo_challenge.framework */ = {isa = PBXFileReference; explicitFileType = wrapper.framework; includeInIndex = 0; path = Pods_pleo_challenge.framework; sourceTree = BUILT_PRODUCTS_DIR; };
/* End PBXFileReference section */

/* Begin PBXFrameworksBuildPhase section */
		5BA89E64237987B7001DEAD1 /* Frameworks */ = {
			isa = PBXFrameworksBuildPhase;
			buildActionMask = 2147483647;
			files = (
				C17F05A95055E5E1BEEAB17A /* Pods_pleo_challenge.framework in Frameworks */,
			);
			runOnlyForDeploymentPostprocessing = 0;
		};
/* End PBXFrameworksBuildPhase section */

/* Begin PBXGroup section */
		4D82F10702FCDFC8C9AA8331 /* Frameworks */ = {
			isa = PBXGroup;
			children = (
				BDDA4C1F890ABA70D353CCFB /* Pods_pleo_challenge.framework */,
			);
			name = Frameworks;
			sourceTree = "<group>";
		};
		5B8A5D9B2379CB1300D91E2D /* Extensions */ = {
			isa = PBXGroup;
			children = (
				5B8A5D992379CB0A00D91E2D /* UIViewController+Extension.swift */,
				5B8A5DB7237AE7EE00D91E2D /* UILabel+Extension.swift */,
				5B8A5DB9237AEFC500D91E2D /* UIStackView+Extension.swift */,
				5B8A5D9C2379CEF500D91E2D /* UIView+Extension.swift */,
				5B8A5DAA2379FDF700D91E2D /* UIColor+Extension.swift */,
			);
			path = Extensions;
			sourceTree = "<group>";
		};
		5B8A5D9E2379D0B100D91E2D /* Helper */ = {
			isa = PBXGroup;
			children = (
				5BA89E7E2379A26A001DEAD1 /* Networking.swift */,
				5B8A5D9F2379D0C500D91E2D /* ExpenseManger.swift */,
				5B8A5DA62379F2C600D91E2D /* CardStyle.swift */,
				5B8A5DB5237AE64F00D91E2D /* Font.swift */,
				5B8A5DA82379F3E500D91E2D /* DateFormat.swift */,
			);
			path = Helper;
			sourceTree = "<group>";
		};
		5B8A5DA52379ECC300D91E2D /* Expense Table */ = {
			isa = PBXGroup;
			children = (
				5B8A5D972379C95B00D91E2D /* ExpensesTableViewModel.swift */,
				5B8A5D952379C94800D91E2D /* ExpensesTableViewController.swift */,
				5B8A5DA12379ECB600D91E2D /* ExpenseTableViewCell.swift */,
				5B8A5DA22379ECB600D91E2D /* ExpenseTableViewCell.xib */,
			);
			path = "Expense Table";
			sourceTree = "<group>";
		};
		5B8A5DB0237ACDEB00D91E2D /* Expense Detail */ = {
			isa = PBXGroup;
			children = (
				5B8A5DAE237ACDE300D91E2D /* ExpenseDetailViewModel.swift */,
				5B8A5DAC237ACDD800D91E2D /* ExpenseDetailViewController.swift */,
				5B8A5DB3237AE46700D91E2D /* ExpenseCardViewModel.swift */,
				5B8A5DB1237AE42300D91E2D /* ExpenseCardViewController.swift */,
			);
			path = "Expense Detail";
			sourceTree = "<group>";
		};
		5BA89E5E237987B7001DEAD1 = {
			isa = PBXGroup;
			children = (
				5BA89E69237987B7001DEAD1 /* pleo_challenge */,
				5BA89E68237987B7001DEAD1 /* Products */,
				D2B02C2D7E4637193529A122 /* Pods */,
				4D82F10702FCDFC8C9AA8331 /* Frameworks */,
			);
			sourceTree = "<group>";
		};
		5BA89E68237987B7001DEAD1 /* Products */ = {
			isa = PBXGroup;
			children = (
				5BA89E67237987B7001DEAD1 /* pleo_challenge.app */,
			);
			name = Products;
			sourceTree = "<group>";
		};
		5BA89E69237987B7001DEAD1 /* pleo_challenge */ = {
			isa = PBXGroup;
			children = (
				5BA89E6A237987B7001DEAD1 /* AppDelegate.swift */,
				5BA89E6E237987B7001DEAD1 /* ViewController.swift */,
				5B8A5D932379C8A100D91E2D /* MainViewModel.swift */,
				5B8A5DB0237ACDEB00D91E2D /* Expense Detail */,
				5B8A5DA52379ECC300D91E2D /* Expense Table */,
				5B8A5D9E2379D0B100D91E2D /* Helper */,
				5BAB4C1F2379B61F007DC315 /* Models */,
				5B8A5D9B2379CB1300D91E2D /* Extensions */,
				5BA89E73237987BA001DEAD1 /* Assets.xcassets */,
				5BA89E75237987BA001DEAD1 /* LaunchScreen.storyboard */,
				5BA89E78237987BA001DEAD1 /* Info.plist */,
			);
			path = pleo_challenge;
			sourceTree = "<group>";
		};
		5BAB4C1F2379B61F007DC315 /* Models */ = {
			isa = PBXGroup;
			children = (
				5BAB4C1D2379A635007DC315 /* Expense.swift */,
				5BAB4C202379B62B007DC315 /* User.swift */,
				5BAB4C222379B636007DC315 /* Receipt.swift */,
				5BAB4C242379B646007DC315 /* Amount.swift */,
			);
			path = Models;
			sourceTree = "<group>";
		};
		D2B02C2D7E4637193529A122 /* Pods */ = {
			isa = PBXGroup;
			children = (
				6965FB456AA2039396A12F96 /* Pods-pleo_challenge.debug.xcconfig */,
				89EC7CFA2E2ABAE75DCDA2AD /* Pods-pleo_challenge.release.xcconfig */,
			);
			path = Pods;
			sourceTree = "<group>";
		};
/* End PBXGroup section */

/* Begin PBXNativeTarget section */
		5BA89E66237987B7001DEAD1 /* pleo_challenge */ = {
			isa = PBXNativeTarget;
			buildConfigurationList = 5BA89E7B237987BA001DEAD1 /* Build configuration list for PBXNativeTarget "pleo_challenge" */;
			buildPhases = (
				8686B708A2BEB10B4AE67C67 /* [CP] Check Pods Manifest.lock */,
				5BA89E63237987B7001DEAD1 /* Sources */,
				5BA89E64237987B7001DEAD1 /* Frameworks */,
				5BA89E65237987B7001DEAD1 /* Resources */,
				52C7BD508D0E0C6BB3798D3E /* [CP] Embed Pods Frameworks */,
			);
			buildRules = (
			);
			dependencies = (
			);
			name = pleo_challenge;
			productName = pleo_challenge;
			productReference = 5BA89E67237987B7001DEAD1 /* pleo_challenge.app */;
			productType = "com.apple.product-type.application";
		};
/* End PBXNativeTarget section */

/* Begin PBXProject section */
		5BA89E5F237987B7001DEAD1 /* Project object */ = {
			isa = PBXProject;
			attributes = {
				LastSwiftUpdateCheck = 1110;
				LastUpgradeCheck = 1110;
				ORGANIZATIONNAME = "Fiks IVS";
				TargetAttributes = {
					5BA89E66237987B7001DEAD1 = {
						CreatedOnToolsVersion = 11.1;
					};
				};
			};
			buildConfigurationList = 5BA89E62237987B7001DEAD1 /* Build configuration list for PBXProject "pleo_challenge" */;
			compatibilityVersion = "Xcode 9.3";
			developmentRegion = en;
			hasScannedForEncodings = 0;
			knownRegions = (
				en,
				Base,
			);
			mainGroup = 5BA89E5E237987B7001DEAD1;
			productRefGroup = 5BA89E68237987B7001DEAD1 /* Products */;
			projectDirPath = "";
			projectRoot = "";
			targets = (
				5BA89E66237987B7001DEAD1 /* pleo_challenge */,
			);
		};
/* End PBXProject section */

/* Begin PBXResourcesBuildPhase section */
		5BA89E65237987B7001DEAD1 /* Resources */ = {
			isa = PBXResourcesBuildPhase;
			buildActionMask = 2147483647;
			files = (
				5BA89E77237987BA001DEAD1 /* LaunchScreen.storyboard in Resources */,
				5BA89E74237987BA001DEAD1 /* Assets.xcassets in Resources */,
				5B8A5DA42379ECB600D91E2D /* ExpenseTableViewCell.xib in Resources */,
			);
			runOnlyForDeploymentPostprocessing = 0;
		};
/* End PBXResourcesBuildPhase section */

/* Begin PBXShellScriptBuildPhase section */
		52C7BD508D0E0C6BB3798D3E /* [CP] Embed Pods Frameworks */ = {
			isa = PBXShellScriptBuildPhase;
			buildActionMask = 2147483647;
			files = (
			);
			inputFileListPaths = (
				"${PODS_ROOT}/Target Support Files/Pods-pleo_challenge/Pods-pleo_challenge-frameworks-${CONFIGURATION}-input-files.xcfilelist",
			);
			name = "[CP] Embed Pods Frameworks";
			outputFileListPaths = (
				"${PODS_ROOT}/Target Support Files/Pods-pleo_challenge/Pods-pleo_challenge-frameworks-${CONFIGURATION}-output-files.xcfilelist",
			);
			runOnlyForDeploymentPostprocessing = 0;
			shellPath = /bin/sh;
			shellScript = "\"${PODS_ROOT}/Target Support Files/Pods-pleo_challenge/Pods-pleo_challenge-frameworks.sh\"\n";
			showEnvVarsInLog = 0;
		};
		8686B708A2BEB10B4AE67C67 /* [CP] Check Pods Manifest.lock */ = {
			isa = PBXShellScriptBuildPhase;
			buildActionMask = 2147483647;
			files = (
			);
			inputFileListPaths = (
			);
			inputPaths = (
				"${PODS_PODFILE_DIR_PATH}/Podfile.lock",
				"${PODS_ROOT}/Manifest.lock",
			);
			name = "[CP] Check Pods Manifest.lock";
			outputFileListPaths = (
			);
			outputPaths = (
				"$(DERIVED_FILE_DIR)/Pods-pleo_challenge-checkManifestLockResult.txt",
			);
			runOnlyForDeploymentPostprocessing = 0;
			shellPath = /bin/sh;
			shellScript = "diff \"${PODS_PODFILE_DIR_PATH}/Podfile.lock\" \"${PODS_ROOT}/Manifest.lock\" > /dev/null\nif [ $? != 0 ] ; then\n    # print error to STDERR\n    echo \"error: The sandbox is not in sync with the Podfile.lock. Run 'pod install' or update your CocoaPods installation.\" >&2\n    exit 1\nfi\n# This output is used by Xcode 'outputs' to avoid re-running this script phase.\necho \"SUCCESS\" > \"${SCRIPT_OUTPUT_FILE_0}\"\n";
			showEnvVarsInLog = 0;
		};
/* End PBXShellScriptBuildPhase section */

/* Begin PBXSourcesBuildPhase section */
		5BA89E63237987B7001DEAD1 /* Sources */ = {
			isa = PBXSourcesBuildPhase;
			buildActionMask = 2147483647;
			files = (
				5B8A5D982379C95B00D91E2D /* ExpensesTableViewModel.swift in Sources */,
				5B8A5DB4237AE46700D91E2D /* ExpenseCardViewModel.swift in Sources */,
				5B8A5D9A2379CB0A00D91E2D /* UIViewController+Extension.swift in Sources */,
				5B8A5DB8237AE7EE00D91E2D /* UILabel+Extension.swift in Sources */,
				5B8A5DA92379F3E500D91E2D /* DateFormat.swift in Sources */,
				5B8A5DBA237AEFC500D91E2D /* UIStackView+Extension.swift in Sources */,
				5B8A5DA32379ECB600D91E2D /* ExpenseTableViewCell.swift in Sources */,
				5B8A5DAB2379FDF700D91E2D /* UIColor+Extension.swift in Sources */,
				5BAB4C232379B636007DC315 /* Receipt.swift in Sources */,
				5B8A5DAD237ACDD800D91E2D /* ExpenseDetailViewController.swift in Sources */,
				5B8A5D962379C94800D91E2D /* ExpensesTableViewController.swift in Sources */,
				5BAB4C1E2379A635007DC315 /* Expense.swift in Sources */,
				5BA89E7F2379A26A001DEAD1 /* Networking.swift in Sources */,
				5B8A5DAF237ACDE300D91E2D /* ExpenseDetailViewModel.swift in Sources */,
				5B8A5DB6237AE64F00D91E2D /* Font.swift in Sources */,
				5B8A5DA72379F2C600D91E2D /* CardStyle.swift in Sources */,
				5B8A5D9D2379CEF500D91E2D /* UIView+Extension.swift in Sources */,
				5BAB4C252379B646007DC315 /* Amount.swift in Sources */,
				5BA89E6F237987B7001DEAD1 /* ViewController.swift in Sources */,
				5B8A5DB2237AE42300D91E2D /* ExpenseCardViewController.swift in Sources */,
				5BAB4C212379B62B007DC315 /* User.swift in Sources */,
				5BA89E6B237987B7001DEAD1 /* AppDelegate.swift in Sources */,
				5B8A5D942379C8A100D91E2D /* MainViewModel.swift in Sources */,
				5B8A5DA02379D0C500D91E2D /* ExpenseManger.swift in Sources */,
			);
			runOnlyForDeploymentPostprocessing = 0;
		};
/* End PBXSourcesBuildPhase section */

/* Begin PBXVariantGroup section */
		5BA89E75237987BA001DEAD1 /* LaunchScreen.storyboard */ = {
			isa = PBXVariantGroup;
			children = (
				5BA89E76237987BA001DEAD1 /* Base */,
			);
			name = LaunchScreen.storyboard;
			sourceTree = "<group>";
		};
/* End PBXVariantGroup section */

/* Begin XCBuildConfiguration section */
		5BA89E79237987BA001DEAD1 /* Debug */ = {
			isa = XCBuildConfiguration;
			buildSettings = {
				ALWAYS_SEARCH_USER_PATHS = NO;
				CLANG_ANALYZER_NONNULL = YES;
				CLANG_ANALYZER_NUMBER_OBJECT_CONVERSION = YES_AGGRESSIVE;
				CLANG_CXX_LANGUAGE_STANDARD = "gnu++14";
				CLANG_CXX_LIBRARY = "libc++";
				CLANG_ENABLE_MODULES = YES;
				CLANG_ENABLE_OBJC_ARC = YES;
				CLANG_ENABLE_OBJC_WEAK = YES;
				CLANG_WARN_BLOCK_CAPTURE_AUTORELEASING = YES;
				CLANG_WARN_BOOL_CONVERSION = YES;
				CLANG_WARN_COMMA = YES;
				CLANG_WARN_CONSTANT_CONVERSION = YES;
				CLANG_WARN_DEPRECATED_OBJC_IMPLEMENTATIONS = YES;
				CLANG_WARN_DIRECT_OBJC_ISA_USAGE = YES_ERROR;
				CLANG_WARN_DOCUMENTATION_COMMENTS = YES;
				CLANG_WARN_EMPTY_BODY = YES;
				CLANG_WARN_ENUM_CONVERSION = YES;
				CLANG_WARN_INFINITE_RECURSION = YES;
				CLANG_WARN_INT_CONVERSION = YES;
				CLANG_WARN_NON_LITERAL_NULL_CONVERSION = YES;
				CLANG_WARN_OBJC_IMPLICIT_RETAIN_SELF = YES;
				CLANG_WARN_OBJC_LITERAL_CONVERSION = YES;
				CLANG_WARN_OBJC_ROOT_CLASS = YES_ERROR;
				CLANG_WARN_RANGE_LOOP_ANALYSIS = YES;
				CLANG_WARN_STRICT_PROTOTYPES = YES;
				CLANG_WARN_SUSPICIOUS_MOVE = YES;
				CLANG_WARN_UNGUARDED_AVAILABILITY = YES_AGGRESSIVE;
				CLANG_WARN_UNREACHABLE_CODE = YES;
				CLANG_WARN__DUPLICATE_METHOD_MATCH = YES;
				COPY_PHASE_STRIP = NO;
				DEBUG_INFORMATION_FORMAT = dwarf;
				ENABLE_STRICT_OBJC_MSGSEND = YES;
				ENABLE_TESTABILITY = YES;
				GCC_C_LANGUAGE_STANDARD = gnu11;
				GCC_DYNAMIC_NO_PIC = NO;
				GCC_NO_COMMON_BLOCKS = YES;
				GCC_OPTIMIZATION_LEVEL = 0;
				GCC_PREPROCESSOR_DEFINITIONS = (
					"DEBUG=1",
					"$(inherited)",
				);
				GCC_WARN_64_TO_32_BIT_CONVERSION = YES;
				GCC_WARN_ABOUT_RETURN_TYPE = YES_ERROR;
				GCC_WARN_UNDECLARED_SELECTOR = YES;
				GCC_WARN_UNINITIALIZED_AUTOS = YES_AGGRESSIVE;
				GCC_WARN_UNUSED_FUNCTION = YES;
				GCC_WARN_UNUSED_VARIABLE = YES;
				IPHONEOS_DEPLOYMENT_TARGET = 11.0;
				MTL_ENABLE_DEBUG_INFO = INCLUDE_SOURCE;
				MTL_FAST_MATH = YES;
				ONLY_ACTIVE_ARCH = YES;
				SDKROOT = iphoneos;
				SWIFT_ACTIVE_COMPILATION_CONDITIONS = DEBUG;
				SWIFT_OPTIMIZATION_LEVEL = "-Onone";
			};
			name = Debug;
		};
		5BA89E7A237987BA001DEAD1 /* Release */ = {
			isa = XCBuildConfiguration;
			buildSettings = {
				ALWAYS_SEARCH_USER_PATHS = NO;
				CLANG_ANALYZER_NONNULL = YES;
				CLANG_ANALYZER_NUMBER_OBJECT_CONVERSION = YES_AGGRESSIVE;
				CLANG_CXX_LANGUAGE_STANDARD = "gnu++14";
				CLANG_CXX_LIBRARY = "libc++";
				CLANG_ENABLE_MODULES = YES;
				CLANG_ENABLE_OBJC_ARC = YES;
				CLANG_ENABLE_OBJC_WEAK = YES;
				CLANG_WARN_BLOCK_CAPTURE_AUTORELEASING = YES;
				CLANG_WARN_BOOL_CONVERSION = YES;
				CLANG_WARN_COMMA = YES;
				CLANG_WARN_CONSTANT_CONVERSION = YES;
				CLANG_WARN_DEPRECATED_OBJC_IMPLEMENTATIONS = YES;
				CLANG_WARN_DIRECT_OBJC_ISA_USAGE = YES_ERROR;
				CLANG_WARN_DOCUMENTATION_COMMENTS = YES;
				CLANG_WARN_EMPTY_BODY = YES;
				CLANG_WARN_ENUM_CONVERSION = YES;
				CLANG_WARN_INFINITE_RECURSION = YES;
				CLANG_WARN_INT_CONVERSION = YES;
				CLANG_WARN_NON_LITERAL_NULL_CONVERSION = YES;
				CLANG_WARN_OBJC_IMPLICIT_RETAIN_SELF = YES;
				CLANG_WARN_OBJC_LITERAL_CONVERSION = YES;
				CLANG_WARN_OBJC_ROOT_CLASS = YES_ERROR;
				CLANG_WARN_RANGE_LOOP_ANALYSIS = YES;
				CLANG_WARN_STRICT_PROTOTYPES = YES;
				CLANG_WARN_SUSPICIOUS_MOVE = YES;
				CLANG_WARN_UNGUARDED_AVAILABILITY = YES_AGGRESSIVE;
				CLANG_WARN_UNREACHABLE_CODE = YES;
				CLANG_WARN__DUPLICATE_METHOD_MATCH = YES;
				COPY_PHASE_STRIP = NO;
				DEBUG_INFORMATION_FORMAT = "dwarf-with-dsym";
				ENABLE_NS_ASSERTIONS = NO;
				ENABLE_STRICT_OBJC_MSGSEND = YES;
				GCC_C_LANGUAGE_STANDARD = gnu11;
				GCC_NO_COMMON_BLOCKS = YES;
				GCC_WARN_64_TO_32_BIT_CONVERSION = YES;
				GCC_WARN_ABOUT_RETURN_TYPE = YES_ERROR;
				GCC_WARN_UNDECLARED_SELECTOR = YES;
				GCC_WARN_UNINITIALIZED_AUTOS = YES_AGGRESSIVE;
				GCC_WARN_UNUSED_FUNCTION = YES;
				GCC_WARN_UNUSED_VARIABLE = YES;
				IPHONEOS_DEPLOYMENT_TARGET = 11.0;
				MTL_ENABLE_DEBUG_INFO = NO;
				MTL_FAST_MATH = YES;
				SDKROOT = iphoneos;
				SWIFT_COMPILATION_MODE = wholemodule;
				SWIFT_OPTIMIZATION_LEVEL = "-O";
				VALIDATE_PRODUCT = YES;
			};
			name = Release;
		};
		5BA89E7C237987BA001DEAD1 /* Debug */ = {
			isa = XCBuildConfiguration;
			baseConfigurationReference = 6965FB456AA2039396A12F96 /* Pods-pleo_challenge.debug.xcconfig */;
			buildSettings = {
				ASSETCATALOG_COMPILER_APPICON_NAME = AppIcon;
				CODE_SIGN_STYLE = Automatic;
				DEVELOPMENT_TEAM = WE6L8Y26GJ;
				INFOPLIST_FILE = pleo_challenge/Info.plist;
				IPHONEOS_DEPLOYMENT_TARGET = 11.0;
				LD_RUNPATH_SEARCH_PATHS = (
					"$(inherited)",
					"@executable_path/Frameworks",
				);
				PRODUCT_BUNDLE_IDENTIFIER = "design.fiks.pleo-challenge";
				PRODUCT_NAME = "$(TARGET_NAME)";
				SWIFT_VERSION = 5.0;
				TARGETED_DEVICE_FAMILY = 1;
			};
			name = Debug;
		};
		5BA89E7D237987BA001DEAD1 /* Release */ = {
			isa = XCBuildConfiguration;
			baseConfigurationReference = 89EC7CFA2E2ABAE75DCDA2AD /* Pods-pleo_challenge.release.xcconfig */;
			buildSettings = {
				ASSETCATALOG_COMPILER_APPICON_NAME = AppIcon;
				CODE_SIGN_STYLE = Automatic;
				DEVELOPMENT_TEAM = WE6L8Y26GJ;
				INFOPLIST_FILE = pleo_challenge/Info.plist;
				IPHONEOS_DEPLOYMENT_TARGET = 11.0;
				LD_RUNPATH_SEARCH_PATHS = (
					"$(inherited)",
					"@executable_path/Frameworks",
				);
				PRODUCT_BUNDLE_IDENTIFIER = "design.fiks.pleo-challenge";
				PRODUCT_NAME = "$(TARGET_NAME)";
				SWIFT_VERSION = 5.0;
				TARGETED_DEVICE_FAMILY = 1;
			};
			name = Release;
		};
/* End XCBuildConfiguration section */

/* Begin XCConfigurationList section */
		5BA89E62237987B7001DEAD1 /* Build configuration list for PBXProject "pleo_challenge" */ = {
			isa = XCConfigurationList;
			buildConfigurations = (
				5BA89E79237987BA001DEAD1 /* Debug */,
				5BA89E7A237987BA001DEAD1 /* Release */,
			);
			defaultConfigurationIsVisible = 0;
			defaultConfigurationName = Release;
		};
		5BA89E7B237987BA001DEAD1 /* Build configuration list for PBXNativeTarget "pleo_challenge" */ = {
			isa = XCConfigurationList;
			buildConfigurations = (
				5BA89E7C237987BA001DEAD1 /* Debug */,
				5BA89E7D237987BA001DEAD1 /* Release */,
			);
			defaultConfigurationIsVisible = 0;
			defaultConfigurationName = Release;
		};
/* End XCConfigurationList section */
	};
	rootObject = 5BA89E5F237987B7001DEAD1 /* Project object */;
}
